
Microsoft Visual Studio Solution File, Format Version 12.00
# Visual Studio Version 17
VisualStudioVersion = 17.14.36221.1 d17.14
MinimumVisualStudioVersion = 10.0.40219.1
Project("{FAE04EC0-301F-11D3-BF4B-00C04F79EFBC}") = "CRMUKMTPApi", "CRMUKMTPApi\CRMUKMTPApi.csproj", "{E9198214-D455-4C78-8F10-04417A008C7A}"
EndProject
Project("{FAE04EC0-301F-11D3-BF4B-00C04F79EFBC}") = "CLIB", "CLIB\CLIB.csproj", "{937C0018-997C-1624-E53D-BB135DDEB066}"
EndProject
Project("{FAE04EC0-301F-11D3-BF4B-00C04F79EFBC}") = "MT5LIB", "MT5LIB\MT5LIB.csproj", "{C002B8BB-FC5F-3B39-8A7E-9E05B9A07BB8}"
EndProject
Global
	GlobalSection(SolutionConfigurationPlatforms) = preSolution
		Debug|Any CPU = Debug|Any CPU
		Release|Any CPU = Release|Any CPU
	EndGlobalSection
	GlobalSection(ProjectConfigurationPlatforms) = postSolution
		{E9198214-D455-4C78-8F10-04417A008C7A}.Debug|Any CPU.ActiveCfg = Debug|Any CPU
		{E9198214-D455-4C78-8F10-04417A008C7A}.Debug|Any CPU.Build.0 = Debug|Any CPU
		{E9198214-D455-4C78-8F10-04417A008C7A}.Release|Any CPU.ActiveCfg = Release|Any CPU
		{E9198214-D455-4C78-8F10-04417A008C7A}.Release|Any CPU.Build.0 = Release|Any CPU
		{937C0018-997C-1624-E53D-BB135DDEB066}.Debug|Any CPU.ActiveCfg = Debug|Any CPU
		{937C0018-997C-1624-E53D-BB135DDEB066}.Debug|Any CPU.Build.0 = Debug|Any CPU
		{937C0018-997C-1624-E53D-BB135DDEB066}.Release|Any CPU.ActiveCfg = Release|Any CPU
		{937C0018-997C-1624-E53D-BB135DDEB066}.Release|Any CPU.Build.0 = Release|Any CPU
		{C002B8BB-FC5F-3B39-8A7E-9E05B9A07BB8}.Debug|Any CPU.ActiveCfg = Debug|Any CPU
		{C002B8BB-FC5F-3B39-8A7E-9E05B9A07BB8}.Debug|Any CPU.Build.0 = Debug|Any CPU
		{C002B8BB-FC5F-3B39-8A7E-9E05B9A07BB8}.Release|Any CPU.ActiveCfg = Release|Any CPU
		{C002B8BB-FC5F-3B39-8A7E-9E05B9A07BB8}.Release|Any CPU.Build.0 = Release|Any CPU
	EndGlobalSection
	GlobalSection(SolutionProperties) = preSolution
		HideSolutionNode = FALSE
	EndGlobalSection
	GlobalSection(ExtensibilityGlobals) = postSolution
		SolutionGuid = {3FD2C50A-EBB7-4070-AE2C-39B4E8B6E6DA}
	EndGlobalSection
EndGlobal
